
Microsoft Visual Studio Solution File, Format Version 12.00
# Visual Studio Version 17
VisualStudioVersion = 17.3.32901.215
MinimumVisualStudioVersion = 10.0.40219.1
Project("{FAE04EC0-301F-11D3-BF4B-00C04F79EFBC}") = "ShapePerimeterCalculatorClient", "ShapePerimeterCalculatorClient\ShapePerimeterCalculatorClient.csproj", "{2AE56DBD-D4D2-4CE5-B597-231C80075AFD}"
EndProject
Global
	GlobalSection(SolutionConfigurationPlatforms) = preSolution
		Debug|Any CPU = Debug|Any CPU
		Release|Any CPU = Release|Any CPU
	EndGlobalSection
	GlobalSection(ProjectConfigurationPlatforms) = postSolution
		{2AE56DBD-D4D2-4CE5-B597-231C80075AFD}.Debug|Any CPU.ActiveCfg = Debug|Any CPU
		{2AE56DBD-D4D2-4CE5-B597-231C80075AFD}.Debug|Any CPU.Build.0 = Debug|Any CPU
		{2AE56DBD-D4D2-4CE5-B597-231C80075AFD}.Release|Any CPU.ActiveCfg = Release|Any CPU
		{2AE56DBD-D4D2-4CE5-B597-231C80075AFD}.Release|Any CPU.Build.0 = Release|Any CPU
	EndGlobalSection
	GlobalSection(SolutionProperties) = preSolution
		HideSolutionNode = FALSE
	EndGlobalSection
	GlobalSection(ExtensibilityGlobals) = postSolution
		SolutionGuid = {94D05966-33EA-4C8D-B413-1849D241E09D}
	EndGlobalSection
EndGlobal
